{
  "version": 4,
  "terraform_version": "1.2.5",
  "serial": 5,
  "lineage": "2cd45e41-a075-007c-69ab-a4cab7db44b1",
  "outputs": {},
  "resources": [
    {
      "mode": "managed",
      "type": "azurerm_resource_group",
      "name": "avd-sa",
      "provider": "provider[\"registry.terraform.io/hashicorp/azurerm\"]",
      "instances": [
        {
          "schema_version": 0,
          "attributes": {
            "id": "/subscriptions/26f2dc08-461c-4304-98d9-28fdfdc6be43/resourceGroups/latf-avd-storage-rg",
            "location": "eastus",
            "name": "latf-avd-storage-rg",
            "tags": null,
            "timeouts": null
          },
          "sensitive_attributes": [],
          "private": "eyJlMmJmYjczMC1lY2FhLTExZTYtOGY4OC0zNDM2M2JjN2M0YzAiOnsiY3JlYXRlIjo1NDAwMDAwMDAwMDAwLCJkZWxldGUiOjU0MDAwMDAwMDAwMDAsInJlYWQiOjMwMDAwMDAwMDAwMCwidXBkYXRlIjo1NDAwMDAwMDAwMDAwfX0="
        }
      ]
    },
    {
      "mode": "managed",
      "type": "azurerm_storage_account",
      "name": "avd-sa",
      "provider": "provider[\"registry.terraform.io/hashicorp/azurerm\"]",
      "instances": [
        {
          "schema_version": 3,
          "attributes": {
            "access_tier": "Hot",
            "account_kind": "FileStorage",
            "account_replication_type": "LRS",
            "account_tier": "Premium",
            "allow_nested_items_to_be_public": true,
            "azure_files_authentication": [],
            "blob_properties": null,
            "cross_tenant_replication_enabled": true,
            "custom_domain": [],
            "customer_managed_key": [],
            "edge_zone": "",
            "enable_https_traffic_only": true,
            "id": "/subscriptions/26f2dc08-461c-4304-98d9-28fdfdc6be43/resourceGroups/latf-avd-storage-rg/providers/Microsoft.Storage/storageAccounts/latfavdsa",
            "identity": [],
            "infrastructure_encryption_enabled": false,
            "is_hns_enabled": false,
            "large_file_share_enabled": true,
            "location": "eastus",
            "min_tls_version": "TLS1_2",
            "name": "latfavdsa",
            "network_rules": [
              {
                "bypass": [
                  "AzureServices"
                ],
                "default_action": "Allow",
                "ip_rules": [],
                "private_link_access": [],
                "virtual_network_subnet_ids": []
              }
            ],
            "nfsv3_enabled": false,
            "primary_access_key": "BwfFYk/1OdhC757lJeuYPRdYeKUErjepJGMXfkX7D3aQU558Y3u1buKvup9rF8WXOxL+sO6ehMM5+AStUeGTIg==",
            "primary_blob_connection_string": "DefaultEndpointsProtocol=https;BlobEndpoint=;AccountName=latfavdsa;AccountKey=BwfFYk/1OdhC757lJeuYPRdYeKUErjepJGMXfkX7D3aQU558Y3u1buKvup9rF8WXOxL+sO6ehMM5+AStUeGTIg==",
            "primary_blob_endpoint": "",
            "primary_blob_host": "",
            "primary_connection_string": "DefaultEndpointsProtocol=https;AccountName=latfavdsa;AccountKey=BwfFYk/1OdhC757lJeuYPRdYeKUErjepJGMXfkX7D3aQU558Y3u1buKvup9rF8WXOxL+sO6ehMM5+AStUeGTIg==;EndpointSuffix=core.windows.net",
            "primary_dfs_endpoint": "",
            "primary_dfs_host": "",
            "primary_file_endpoint": "https://latfavdsa.file.core.windows.net/",
            "primary_file_host": "latfavdsa.file.core.windows.net",
            "primary_location": "eastus",
            "primary_queue_endpoint": "",
            "primary_queue_host": "",
            "primary_table_endpoint": "",
            "primary_table_host": "",
            "primary_web_endpoint": "",
            "primary_web_host": "",
            "queue_encryption_key_type": "Service",
            "queue_properties": null,
            "resource_group_name": "latf-avd-storage-rg",
            "routing": [],
            "secondary_access_key": "H2hsijNrxX1M7nMLBFYyMQarM34X/yFGk7NAj5NLfCGvfmE2v78XYJ7CNnU8oY20W+Vrg/Ax0pM1+AStPgt9bA==",
            "secondary_blob_connection_string": "",
            "secondary_blob_endpoint": null,
            "secondary_blob_host": null,
            "secondary_connection_string": "DefaultEndpointsProtocol=https;AccountName=latfavdsa;AccountKey=H2hsijNrxX1M7nMLBFYyMQarM34X/yFGk7NAj5NLfCGvfmE2v78XYJ7CNnU8oY20W+Vrg/Ax0pM1+AStPgt9bA==;EndpointSuffix=core.windows.net",
            "secondary_dfs_endpoint": null,
            "secondary_dfs_host": null,
            "secondary_file_endpoint": null,
            "secondary_file_host": null,
            "secondary_location": "",
            "secondary_queue_endpoint": null,
            "secondary_queue_host": null,
            "secondary_table_endpoint": null,
            "secondary_table_host": null,
            "secondary_web_endpoint": null,
            "secondary_web_host": null,
            "share_properties": [
              {
                "cors_rule": [],
                "retention_policy": [
                  {
                    "days": 7
                  }
                ],
                "smb": []
              }
            ],
            "shared_access_key_enabled": true,
            "static_website": [],
            "table_encryption_key_type": "Service",
            "tags": null,
            "timeouts": null
          },
          "sensitive_attributes": [],
          "private": "eyJlMmJmYjczMC1lY2FhLTExZTYtOGY4OC0zNDM2M2JjN2M0YzAiOnsiY3JlYXRlIjozNjAwMDAwMDAwMDAwLCJkZWxldGUiOjM2MDAwMDAwMDAwMDAsInJlYWQiOjMwMDAwMDAwMDAwMCwidXBkYXRlIjozNjAwMDAwMDAwMDAwfSwic2NoZW1hX3ZlcnNpb24iOiIzIn0=",
          "dependencies": [
            "azurerm_resource_group.avd-sa"
          ]
        }
      ]
    },
    {
      "mode": "managed",
      "type": "azurerm_storage_share",
      "name": "fslogix",
      "provider": "provider[\"registry.terraform.io/hashicorp/azurerm\"]",
      "instances": [
        {
          "schema_version": 2,
          "attributes": {
            "access_tier": "Premium",
            "acl": [],
            "enabled_protocol": "SMB",
            "id": "https://latfavdsa.file.core.windows.net/fslogix",
            "metadata": {},
            "name": "fslogix",
            "quota": 1024,
            "resource_manager_id": "/subscriptions/26f2dc08-461c-4304-98d9-28fdfdc6be43/resourceGroups/latf-avd-storage-rg/providers/Microsoft.Storage/storageAccounts/latfavdsa/fileServices/default/fileshares/fslogix",
            "storage_account_name": "latfavdsa",
            "timeouts": null,
            "url": "https://latfavdsa.file.core.windows.net/fslogix"
          },
          "sensitive_attributes": [],
          "private": "eyJlMmJmYjczMC1lY2FhLTExZTYtOGY4OC0zNDM2M2JjN2M0YzAiOnsiY3JlYXRlIjoxODAwMDAwMDAwMDAwLCJkZWxldGUiOjE4MDAwMDAwMDAwMDAsInJlYWQiOjMwMDAwMDAwMDAwMCwidXBkYXRlIjoxODAwMDAwMDAwMDAwfSwic2NoZW1hX3ZlcnNpb24iOiIyIn0=",
          "dependencies": [
            "azurerm_resource_group.avd-sa",
            "azurerm_storage_account.avd-sa"
          ]
        }
      ]
    },
    {
      "mode": "managed",
      "type": "azurerm_storage_share",
      "name": "msix",
      "provider": "provider[\"registry.terraform.io/hashicorp/azurerm\"]",
      "instances": [
        {
          "schema_version": 2,
          "attributes": {
            "access_tier": "Premium",
            "acl": [],
            "enabled_protocol": "SMB",
            "id": "https://latfavdsa.file.core.windows.net/msix",
            "metadata": {},
            "name": "msix",
            "quota": 1024,
            "resource_manager_id": "/subscriptions/26f2dc08-461c-4304-98d9-28fdfdc6be43/resourceGroups/latf-avd-storage-rg/providers/Microsoft.Storage/storageAccounts/latfavdsa/fileServices/default/fileshares/msix",
            "storage_account_name": "latfavdsa",
            "timeouts": null,
            "url": "https://latfavdsa.file.core.windows.net/msix"
          },
          "sensitive_attributes": [],
          "private": "eyJlMmJmYjczMC1lY2FhLTExZTYtOGY4OC0zNDM2M2JjN2M0YzAiOnsiY3JlYXRlIjoxODAwMDAwMDAwMDAwLCJkZWxldGUiOjE4MDAwMDAwMDAwMDAsInJlYWQiOjMwMDAwMDAwMDAwMCwidXBkYXRlIjoxODAwMDAwMDAwMDAwfSwic2NoZW1hX3ZlcnNpb24iOiIyIn0=",
          "dependencies": [
            "azurerm_resource_group.avd-sa",
            "azurerm_storage_account.avd-sa"
          ]
        }
      ]
    }
  ]
}
